
Microsoft Visual Studio Solution File, Format Version 12.00
# Visual Studio Version 17
VisualStudioVersion = 17.6.33723.286
MinimumVisualStudioVersion = 10.0.40219.1
Project("{FAE04EC0-301F-11D3-BF4B-00C04F79EFBC}") = "HelloDocAdmin", "HelloDocAdmin.csproj", "{5F9E5817-E71B-4201-A521-27206521D420}"
EndProject
Project("{FAE04EC0-301F-11D3-BF4B-00C04F79EFBC}") = "HelloDocAdmin.Entity", "..\HelloDocAdmin.Entity\HelloDocAdmin.Entity.csproj", "{401EF1D2-1321-4AB1-8338-08EF45CA8453}"
EndProject
Project("{FAE04EC0-301F-11D3-BF4B-00C04F79EFBC}") = "HelloDocAdmin.Repositories", "..\HelloDocAdmin.repositories\HelloDocAdmin.Repositories.csproj", "{F6CDBC14-2727-4F2D-9028-6A3147A37347}"
EndProject
Global
	GlobalSection(SolutionConfigurationPlatforms) = preSolution
		Debug|Any CPU = Debug|Any CPU
		Release|Any CPU = Release|Any CPU
	EndGlobalSection
	GlobalSection(ProjectConfigurationPlatforms) = postSolution
		{5F9E5817-E71B-4201-A521-27206521D420}.Debug|Any CPU.ActiveCfg = Debug|Any CPU
		{5F9E5817-E71B-4201-A521-27206521D420}.Debug|Any CPU.Build.0 = Debug|Any CPU
		{5F9E5817-E71B-4201-A521-27206521D420}.Release|Any CPU.ActiveCfg = Release|Any CPU
		{5F9E5817-E71B-4201-A521-27206521D420}.Release|Any CPU.Build.0 = Release|Any CPU
		{401EF1D2-1321-4AB1-8338-08EF45CA8453}.Debug|Any CPU.ActiveCfg = Debug|Any CPU
		{401EF1D2-1321-4AB1-8338-08EF45CA8453}.Debug|Any CPU.Build.0 = Debug|Any CPU
		{401EF1D2-1321-4AB1-8338-08EF45CA8453}.Release|Any CPU.ActiveCfg = Release|Any CPU
		{401EF1D2-1321-4AB1-8338-08EF45CA8453}.Release|Any CPU.Build.0 = Release|Any CPU
		{F6CDBC14-2727-4F2D-9028-6A3147A37347}.Debug|Any CPU.ActiveCfg = Debug|Any CPU
		{F6CDBC14-2727-4F2D-9028-6A3147A37347}.Debug|Any CPU.Build.0 = Debug|Any CPU
		{F6CDBC14-2727-4F2D-9028-6A3147A37347}.Release|Any CPU.ActiveCfg = Release|Any CPU
		{F6CDBC14-2727-4F2D-9028-6A3147A37347}.Release|Any CPU.Build.0 = Release|Any CPU
	EndGlobalSection
	GlobalSection(SolutionProperties) = preSolution
		HideSolutionNode = FALSE
	EndGlobalSection
	GlobalSection(ExtensibilityGlobals) = postSolution
		SolutionGuid = {B406C8F1-5FAB-4223-BCC3-3EB8C8916A0A}
	EndGlobalSection
EndGlobal
